
Microsoft Visual Studio Solution File, Format Version 12.00
# Visual Studio Version 17
VisualStudioVersion = 17.5.002.0
MinimumVisualStudioVersion = 10.0.40219.1
Project("{9A19103F-16F7-4668-BE54-9A1E7A4F7556}") = "task5", "task5.csproj", "{EE5070FB-57C3-4D3B-873B-BEA2EAB4BCC8}"
EndProject
Global
	GlobalSection(SolutionConfigurationPlatforms) = preSolution
		Debug|Any CPU = Debug|Any CPU
		Release|Any CPU = Release|Any CPU
	EndGlobalSection
	GlobalSection(ProjectConfigurationPlatforms) = postSolution
		{EE5070FB-57C3-4D3B-873B-BEA2EAB4BCC8}.Debug|Any CPU.ActiveCfg = Debug|Any CPU
		{EE5070FB-57C3-4D3B-873B-BEA2EAB4BCC8}.Debug|Any CPU.Build.0 = Debug|Any CPU
		{EE5070FB-57C3-4D3B-873B-BEA2EAB4BCC8}.Release|Any CPU.ActiveCfg = Release|Any CPU
		{EE5070FB-57C3-4D3B-873B-BEA2EAB4BCC8}.Release|Any CPU.Build.0 = Release|Any CPU
	EndGlobalSection
	GlobalSection(SolutionProperties) = preSolution
		HideSolutionNode = FALSE
	EndGlobalSection
	GlobalSection(ExtensibilityGlobals) = postSolution
		SolutionGuid = {B8B58DDD-2883-4F49-A879-1F76C7CE3BD9}
	EndGlobalSection
EndGlobal
